
Microsoft Visual Studio Solution File, Format Version 12.00
# Visual Studio 15
VisualStudioVersion = 15.0.27703.2047
MinimumVisualStudioVersion = 10.0.40219.1
Project("{FAE04EC0-301F-11D3-BF4B-00C04F79EFBC}") = "SuperMail", "SuperMail\SuperMail.csproj", "{5472605A-B8C1-415B-87D6-181B9BA823C8}"
EndProject
Project("{9A19103F-16F7-4668-BE54-9A1E7A4F7556}") = "SuperMail.core", "SuperMail.core\SuperMail.core.csproj", "{B2F1739C-A2AB-4D4D-B1BC-74CB33F6B5E7}"
EndProject
Project("{9A19103F-16F7-4668-BE54-9A1E7A4F7556}") = "SuperMail.services", "SuperMail.services\SuperMail.services.csproj", "{16A655C8-68A5-4D89-B935-20B6E6D5B0B3}"
EndProject
Project("{FAE04EC0-301F-11D3-BF4B-00C04F79EFBC}") = "SuperMail.migrations", "SuperMail.migrations\SuperMail.migrations.csproj", "{735F3AEA-EE39-464D-AEF8-26C6F7F69701}"
EndProject
Global
	GlobalSection(SolutionConfigurationPlatforms) = preSolution
		Debug|Any CPU = Debug|Any CPU
		Release|Any CPU = Release|Any CPU
	EndGlobalSection
	GlobalSection(ProjectConfigurationPlatforms) = postSolution
		{5472605A-B8C1-415B-87D6-181B9BA823C8}.Debug|Any CPU.ActiveCfg = Debug|Any CPU
		{5472605A-B8C1-415B-87D6-181B9BA823C8}.Debug|Any CPU.Build.0 = Debug|Any CPU
		{5472605A-B8C1-415B-87D6-181B9BA823C8}.Release|Any CPU.ActiveCfg = Release|Any CPU
		{5472605A-B8C1-415B-87D6-181B9BA823C8}.Release|Any CPU.Build.0 = Release|Any CPU
		{B2F1739C-A2AB-4D4D-B1BC-74CB33F6B5E7}.Debug|Any CPU.ActiveCfg = Debug|Any CPU
		{B2F1739C-A2AB-4D4D-B1BC-74CB33F6B5E7}.Debug|Any CPU.Build.0 = Debug|Any CPU
		{B2F1739C-A2AB-4D4D-B1BC-74CB33F6B5E7}.Release|Any CPU.ActiveCfg = Release|Any CPU
		{B2F1739C-A2AB-4D4D-B1BC-74CB33F6B5E7}.Release|Any CPU.Build.0 = Release|Any CPU
		{16A655C8-68A5-4D89-B935-20B6E6D5B0B3}.Debug|Any CPU.ActiveCfg = Debug|Any CPU
		{16A655C8-68A5-4D89-B935-20B6E6D5B0B3}.Debug|Any CPU.Build.0 = Debug|Any CPU
		{16A655C8-68A5-4D89-B935-20B6E6D5B0B3}.Release|Any CPU.ActiveCfg = Release|Any CPU
		{16A655C8-68A5-4D89-B935-20B6E6D5B0B3}.Release|Any CPU.Build.0 = Release|Any CPU
		{735F3AEA-EE39-464D-AEF8-26C6F7F69701}.Debug|Any CPU.ActiveCfg = Debug|Any CPU
		{735F3AEA-EE39-464D-AEF8-26C6F7F69701}.Debug|Any CPU.Build.0 = Debug|Any CPU
		{735F3AEA-EE39-464D-AEF8-26C6F7F69701}.Release|Any CPU.ActiveCfg = Release|Any CPU
		{735F3AEA-EE39-464D-AEF8-26C6F7F69701}.Release|Any CPU.Build.0 = Release|Any CPU
	EndGlobalSection
	GlobalSection(SolutionProperties) = preSolution
		HideSolutionNode = FALSE
	EndGlobalSection
	GlobalSection(ExtensibilityGlobals) = postSolution
		SolutionGuid = {866865BC-22F0-42AC-BDEA-EB570F0045ED}
	EndGlobalSection
EndGlobal
